
Microsoft Visual Studio Solution File, Format Version 12.00
# Visual Studio Version 16
VisualStudioVersion = 16.0.28803.202
MinimumVisualStudioVersion = 10.0.40219.1
Project("{888888A0-9F3D-457C-B088-3A5042F75D52}") = "AlgoritmsIntegration", "AlgoritmsIntegration\AlgoritmsIntegration.pyproj", "{B1FCFA0D-34A6-4210-AA51-608830E162CB}"
EndProject
Global
	GlobalSection(SolutionConfigurationPlatforms) = preSolution
		Debug|Any CPU = Debug|Any CPU
		Release|Any CPU = Release|Any CPU
	EndGlobalSection
	GlobalSection(ProjectConfigurationPlatforms) = postSolution
		{B1FCFA0D-34A6-4210-AA51-608830E162CB}.Debug|Any CPU.ActiveCfg = Debug|Any CPU
		{B1FCFA0D-34A6-4210-AA51-608830E162CB}.Debug|Any CPU.Build.0 = Debug|Any CPU
		{B1FCFA0D-34A6-4210-AA51-608830E162CB}.Release|Any CPU.ActiveCfg = Release|Any CPU
		{B1FCFA0D-34A6-4210-AA51-608830E162CB}.Release|Any CPU.Build.0 = Release|Any CPU
	EndGlobalSection
	GlobalSection(SolutionProperties) = preSolution
		HideSolutionNode = FALSE
	EndGlobalSection
	GlobalSection(ExtensibilityGlobals) = postSolution
		SolutionGuid = {B05E3392-6427-44B8-AFD9-A90F61AA1569}
	EndGlobalSection
EndGlobal
